
Microsoft Visual Studio Solution File, Format Version 12.00
# Visual Studio Version 16
VisualStudioVersion = 16.0.29318.209
MinimumVisualStudioVersion = 10.0.40219.1
Project("{FAE04EC0-301F-11D3-BF4B-00C04F79EFBC}") = "HLTV-Stats-Collector", "HLTV-Stats-Collector.csproj", "{1A289236-5172-48B1-BCB7-170EC1EF50BA}"
EndProject
Global
	GlobalSection(SolutionConfigurationPlatforms) = preSolution
		Debug|Any CPU = Debug|Any CPU
		Release|Any CPU = Release|Any CPU
	EndGlobalSection
	GlobalSection(ProjectConfigurationPlatforms) = postSolution
		{1A289236-5172-48B1-BCB7-170EC1EF50BA}.Debug|Any CPU.ActiveCfg = Debug|Any CPU
		{1A289236-5172-48B1-BCB7-170EC1EF50BA}.Debug|Any CPU.Build.0 = Debug|Any CPU
		{1A289236-5172-48B1-BCB7-170EC1EF50BA}.Release|Any CPU.ActiveCfg = Release|Any CPU
		{1A289236-5172-48B1-BCB7-170EC1EF50BA}.Release|Any CPU.Build.0 = Release|Any CPU
	EndGlobalSection
	GlobalSection(SolutionProperties) = preSolution
		HideSolutionNode = FALSE
	EndGlobalSection
	GlobalSection(ExtensibilityGlobals) = postSolution
		SolutionGuid = {2D000104-B318-4E5F-9B0F-A7EA675B1D4C}
	EndGlobalSection
EndGlobal
